
Microsoft Visual Studio Solution File, Format Version 12.00
# Visual Studio 2013
VisualStudioVersion = 12.0.31101.0
MinimumVisualStudioVersion = 10.0.40219.1
Project("{FAE04EC0-301F-11D3-BF4B-00C04F79EFBC}") = "Task2.Library", "Task2.Library\Task2.Library.csproj", "{7F6C68E5-E319-4764-B15B-D79CC0F3B613}"
EndProject
Project("{FAE04EC0-301F-11D3-BF4B-00C04F79EFBC}") = "Task1.Library", "Task1.Library\Task1.Library.csproj", "{BBECA9D5-3A14-4F4D-895D-BF016DA34BF5}"
EndProject
Project("{FAE04EC0-301F-11D3-BF4B-00C04F79EFBC}") = "Task1", "Task1\Task1.csproj", "{8212804D-013D-47FC-B1E9-281CFDB3F55E}"
EndProject
Project("{FAE04EC0-301F-11D3-BF4B-00C04F79EFBC}") = "Task4.Library", "Task4.Library\Task4.Library.csproj", "{E307A5B7-1EA2-4BE0-99DE-9E2141A2F663}"
EndProject
Project("{FAE04EC0-301F-11D3-BF4B-00C04F79EFBC}") = "Task4.Test", "Task4.Test\Task4.Test.csproj", "{0955C14C-2B13-4363-A67B-7185E4A1799D}"
EndProject
Project("{FAE04EC0-301F-11D3-BF4B-00C04F79EFBC}") = "Task3.Library", "Task3.Library\Task3.Library.csproj", "{10A0C9E6-3298-463C-B570-179DA5F0BC73}"
EndProject
Project("{FAE04EC0-301F-11D3-BF4B-00C04F79EFBC}") = "Task3.Test", "Task3.Test\Task3.Test.csproj", "{B7426171-E2BB-4D61-B08B-3658CECF7825}"
EndProject
Global
	GlobalSection(SolutionConfigurationPlatforms) = preSolution
		Debug|Any CPU = Debug|Any CPU
		Release|Any CPU = Release|Any CPU
	EndGlobalSection
	GlobalSection(ProjectConfigurationPlatforms) = postSolution
		{7F6C68E5-E319-4764-B15B-D79CC0F3B613}.Debug|Any CPU.ActiveCfg = Debug|Any CPU
		{7F6C68E5-E319-4764-B15B-D79CC0F3B613}.Debug|Any CPU.Build.0 = Debug|Any CPU
		{7F6C68E5-E319-4764-B15B-D79CC0F3B613}.Release|Any CPU.ActiveCfg = Release|Any CPU
		{7F6C68E5-E319-4764-B15B-D79CC0F3B613}.Release|Any CPU.Build.0 = Release|Any CPU
		{BBECA9D5-3A14-4F4D-895D-BF016DA34BF5}.Debug|Any CPU.ActiveCfg = Debug|Any CPU
		{BBECA9D5-3A14-4F4D-895D-BF016DA34BF5}.Debug|Any CPU.Build.0 = Debug|Any CPU
		{BBECA9D5-3A14-4F4D-895D-BF016DA34BF5}.Release|Any CPU.ActiveCfg = Release|Any CPU
		{BBECA9D5-3A14-4F4D-895D-BF016DA34BF5}.Release|Any CPU.Build.0 = Release|Any CPU
		{8212804D-013D-47FC-B1E9-281CFDB3F55E}.Debug|Any CPU.ActiveCfg = Debug|Any CPU
		{8212804D-013D-47FC-B1E9-281CFDB3F55E}.Debug|Any CPU.Build.0 = Debug|Any CPU
		{8212804D-013D-47FC-B1E9-281CFDB3F55E}.Release|Any CPU.ActiveCfg = Release|Any CPU
		{8212804D-013D-47FC-B1E9-281CFDB3F55E}.Release|Any CPU.Build.0 = Release|Any CPU
		{E307A5B7-1EA2-4BE0-99DE-9E2141A2F663}.Debug|Any CPU.ActiveCfg = Debug|Any CPU
		{E307A5B7-1EA2-4BE0-99DE-9E2141A2F663}.Debug|Any CPU.Build.0 = Debug|Any CPU
		{E307A5B7-1EA2-4BE0-99DE-9E2141A2F663}.Release|Any CPU.ActiveCfg = Release|Any CPU
		{E307A5B7-1EA2-4BE0-99DE-9E2141A2F663}.Release|Any CPU.Build.0 = Release|Any CPU
		{0955C14C-2B13-4363-A67B-7185E4A1799D}.Debug|Any CPU.ActiveCfg = Debug|Any CPU
		{0955C14C-2B13-4363-A67B-7185E4A1799D}.Debug|Any CPU.Build.0 = Debug|Any CPU
		{0955C14C-2B13-4363-A67B-7185E4A1799D}.Release|Any CPU.ActiveCfg = Release|Any CPU
		{0955C14C-2B13-4363-A67B-7185E4A1799D}.Release|Any CPU.Build.0 = Release|Any CPU
		{10A0C9E6-3298-463C-B570-179DA5F0BC73}.Debug|Any CPU.ActiveCfg = Debug|Any CPU
		{10A0C9E6-3298-463C-B570-179DA5F0BC73}.Debug|Any CPU.Build.0 = Debug|Any CPU
		{10A0C9E6-3298-463C-B570-179DA5F0BC73}.Release|Any CPU.ActiveCfg = Release|Any CPU
		{10A0C9E6-3298-463C-B570-179DA5F0BC73}.Release|Any CPU.Build.0 = Release|Any CPU
		{B7426171-E2BB-4D61-B08B-3658CECF7825}.Debug|Any CPU.ActiveCfg = Debug|Any CPU
		{B7426171-E2BB-4D61-B08B-3658CECF7825}.Debug|Any CPU.Build.0 = Debug|Any CPU
		{B7426171-E2BB-4D61-B08B-3658CECF7825}.Release|Any CPU.ActiveCfg = Release|Any CPU
		{B7426171-E2BB-4D61-B08B-3658CECF7825}.Release|Any CPU.Build.0 = Release|Any CPU
	EndGlobalSection
	GlobalSection(SolutionProperties) = preSolution
		HideSolutionNode = FALSE
	EndGlobalSection
EndGlobal
